
Microsoft Visual Studio Solution File, Format Version 12.00
# Visual Studio 15
VisualStudioVersion = 15.0.28010.2026
MinimumVisualStudioVersion = 10.0.40219.1
Project("{F184B08F-C81C-45F6-A57F-5ABD9991F28F}") = "Security Toolbox", "Security Toolbox\Security Toolbox.vbproj", "{F83FC4ED-A15A-4571-8148-2ABA448CF062}"
EndProject
Global
	GlobalSection(SolutionConfigurationPlatforms) = preSolution
		Debug|Any CPU = Debug|Any CPU
		Release|Any CPU = Release|Any CPU
	EndGlobalSection
	GlobalSection(ProjectConfigurationPlatforms) = postSolution
		{F83FC4ED-A15A-4571-8148-2ABA448CF062}.Debug|Any CPU.ActiveCfg = Debug|Any CPU
		{F83FC4ED-A15A-4571-8148-2ABA448CF062}.Debug|Any CPU.Build.0 = Debug|Any CPU
		{F83FC4ED-A15A-4571-8148-2ABA448CF062}.Release|Any CPU.ActiveCfg = Release|Any CPU
		{F83FC4ED-A15A-4571-8148-2ABA448CF062}.Release|Any CPU.Build.0 = Release|Any CPU
	EndGlobalSection
	GlobalSection(SolutionProperties) = preSolution
		HideSolutionNode = FALSE
	EndGlobalSection
	GlobalSection(ExtensibilityGlobals) = postSolution
		SolutionGuid = {37F2D51E-EFC1-448D-A9B6-F84C61951A60}
	EndGlobalSection
EndGlobal
